lockfileVersion: '9.0'

settings:
  autoInstallPeers: true
  excludeLinksFromLockfile: false

importers:

  .:
    dependencies:
      marked:
        specifier: ^17.0.4
        version: 17.0.4

packages:

  marked@17.0.4:
    resolution: {integrity: sha512-NOmVMM+KAokHMvjWmC5N/ZOvgmSWuqJB8FoYI019j4ogb/PeRMKoKIjReZ2w3376kkA8dSJIP8uD993Kxc0iRQ==}
    engines: {node: '>= 20'}
    hasBin: true

snapshots:

  marked@17.0.4: {}
